
Microsoft Visual Studio Solution File, Format Version 12.00
Project("{FAE04EC0-301F-11D3-BF4B-00C04F79EFBC}") = "SharedResources.MessageContracts", "SharedResources.MessageContracts\SharedResources.MessageContracts.csproj", "{5503DA00-9B91-45E2-B9EA-EBA9641F31A5}"
EndProject
Global
	GlobalSection(SolutionConfigurationPlatforms) = preSolution
		Debug|Any CPU = Debug|Any CPU
		Release|Any CPU = Release|Any CPU
	EndGlobalSection
	GlobalSection(ProjectConfigurationPlatforms) = postSolution
		{5503DA00-9B91-45E2-B9EA-EBA9641F31A5}.Debug|Any CPU.ActiveCfg = Debug|Any CPU
		{5503DA00-9B91-45E2-B9EA-EBA9641F31A5}.Debug|Any CPU.Build.0 = Debug|Any CPU
		{5503DA00-9B91-45E2-B9EA-EBA9641F31A5}.Release|Any CPU.ActiveCfg = Release|Any CPU
		{5503DA00-9B91-45E2-B9EA-EBA9641F31A5}.Release|Any CPU.Build.0 = Release|Any CPU
	EndGlobalSection
EndGlobal
